<?xml version="1.0" encoding="utf-8"?>
<Project ToolsVersion="4.0" xmlns="http://schemas.microsoft.com/developer/msbuild/2003">
  <ItemGroup>
    <Filter Include="src">
      <UniqueIdentifier>{4FC737F1-C7A5-4376-A066-2A32D752A2FF}</UniqueIdentifier>
      <Extensions>cpp;c;cc;cxx;c++;cppm;ixx;def;odl;idl;hpj;bat;asm;asmx</Extensions>
    </Filter>
    <Filter Include="src\ui">
      <UniqueIdentifier>{a1df1c87-44c0-4d79-88f8-f64b455bfdd7}</UniqueIdentifier>
    </Filter>
    <Filter Include="src\game">
      <UniqueIdentifier>{97b7aed3-5319-4283-a2f1-845bd5a5e48a}</UniqueIdentifier>
    </Filter>
    <Filter Include="src\game\offline">
      <UniqueIdentifier>{fc1d5357-aea0-43bb-aeb7-18eadfee08c7}</UniqueIdentifier>
    </Filter>
    <Filter Include="src\game\online">
      <UniqueIdentifier>{144702ef-2533-4b0d-b700-1c6577dafb77}</UniqueIdentifier>
    </Filter>
    <Filter Include="src\cinematic">
      <UniqueIdentifier>{78a694f4-318f-4079-aed7-01720a5f8ec1}</UniqueIdentifier>
    </Filter>
    <Filter Include="src\core">
      <UniqueIdentifier>{0da7fe27-c3e2-4d7e-8f3d-2c7be51cd0e5}</UniqueIdentifier>
    </Filter>
    <Filter Include="src\menu">
      <UniqueIdentifier>{6a3d0bd6-8840-435d-87bf-9706f986eb47}</UniqueIdentifier>
    </Filter>
    <Filter Include="src\settings">
      <UniqueIdentifier>{68d0c698-1079-43bf-ad1c-8fc45f74b7f7}</UniqueIdentifier>
    </Filter>
    <Filter Include="src\network">
      <UniqueIdentifier>{c1afc1bb-09e9-4544-b392-c946f2b796a5}</UniqueIdentifier>
    </Filter>
    <Filter Include="libs">
      <UniqueIdentifier>{52b9adb4-d80d-482e-adde-115067af7339}</UniqueIdentifier>
    </Filter>
    <Filter Include="libs\nlohmann">
      <UniqueIdentifier>{6287986e-9c37-4f1c-a040-88cbc60eff6c}</UniqueIdentifier>
    </Filter>
  </ItemGroup>
  <ItemGroup>
    <ClCompile Include="src\ui\ButtonG.cpp">
      <Filter>src\ui</Filter>
    </ClCompile>
    <ClCompile Include="src\ui\cell.cpp">
      <Filter>src\ui</Filter>
    </ClCompile>
    <ClCompile Include="src\ui\Cube.cpp">
      <Filter>src\ui</Filter>
    </ClCompile>
    <ClCompile Include="src\ui\fileio.cpp">
      <Filter>src\ui</Filter>
    </ClCompile>
    <ClCompile Include="src\ui\MensageBox.cpp">
      <Filter>src\ui</Filter>
    </ClCompile>
    <ClCompile Include="src\ui\Scrollbar.cpp">
      <Filter>src\ui</Filter>
    </ClCompile>
    <ClCompile Include="src\ui\TextBox.cpp">
      <Filter>src\ui</Filter>
    </ClCompile>
    <ClCompile Include="src\game\online\Chat.cpp">
      <Filter>src\game\online</Filter>
    </ClCompile>
    <ClCompile Include="src\game\online\GameEnd.cpp">
      <Filter>src\game\online</Filter>
    </ClCompile>
    <ClCompile Include="src\game\online\HouseBuy.cpp">
      <Filter>src\game\online</Filter>
    </ClCompile>
    <ClCompile Include="src\game\online\MovePieces.cpp">
      <Filter>src\game\online</Filter>
    </ClCompile>
    <ClCompile Include="src\game\online\MultiplayerGame.cpp">
      <Filter>src\game\online</Filter>
    </ClCompile>
    <ClCompile Include="src\game\online\nulo.cpp">
      <Filter>src\game\online</Filter>
    </ClCompile>
    <ClCompile Include="src\game\online\PieceSelector.cpp">
      <Filter>src\game\online</Filter>
    </ClCompile>
    <ClCompile Include="src\game\online\ResourceGame.cpp">
      <Filter>src\game\online</Filter>
    </ClCompile>
    <ClCompile Include="src\game\online\Ruleta.cpp">
      <Filter>src\game\online</Filter>
    </ClCompile>
    <ClCompile Include="src\game\online\Stealplayer.cpp">
      <Filter>src\game\online</Filter>
    </ClCompile>
    <ClCompile Include="src\cinematic\Cinematic.cpp">
      <Filter>src\cinematic</Filter>
    </ClCompile>
    <ClCompile Include="src\core\ObjetosGlobal.cpp">
      <Filter>src\core</Filter>
    </ClCompile>
    <ClCompile Include="src\core\ResourceGlobal.cpp">
      <Filter>src\core</Filter>
    </ClCompile>
    <ClCompile Include="src\menu\GameModeSelector.cpp">
      <Filter>src\menu</Filter>
    </ClCompile>
    <ClCompile Include="src\menu\IniciarPartida.cpp">
      <Filter>src\menu</Filter>
    </ClCompile>
    <ClCompile Include="src\menu\IniciaUser.cpp">
      <Filter>src\menu</Filter>
    </ClCompile>
    <ClCompile Include="src\menu\menuP.cpp">
      <Filter>src\menu</Filter>
    </ClCompile>
    <ClCompile Include="src\settings\SettingsManager.cpp">
      <Filter>src\settings</Filter>
    </ClCompile>
    <ClCompile Include="src\network\Client.cpp">
      <Filter>src\network</Filter>
    </ClCompile>
    <ClCompile Include="src\network\NetworkMessage.cpp">
      <Filter>src\network</Filter>
    </ClCompile>
    <ClCompile Include="src\main.cpp">
      <Filter>src</Filter>
    </ClCompile>
    <ClCompile Include="src\game\offiline\GameOptionsO.cpp">
      <Filter>src\game\offline</Filter>
    </ClCompile>
    <ClCompile Include="src\game\offiline\PieceSelectorO.cpp">
      <Filter>src\game\offline</Filter>
    </ClCompile>
    <ClCompile Include="src\game\offiline\ResourceGameO.cpp">
      <Filter>src\game\offline</Filter>
    </ClCompile>
    <ClCompile Include="src\game\offiline\GameEndO.cpp">
      <Filter>src\game\offline</Filter>
    </ClCompile>
    <ClCompile Include="src\game\offiline\GameOfflineO.cpp">
      <Filter>src\game\offline</Filter>
    </ClCompile>
    <ClCompile Include="src\game\offiline\HouseBuyO.cpp">
      <Filter>src\game\offline</Filter>
    </ClCompile>
    <ClCompile Include="src\game\offiline\MovePiecesO.cpp">
      <Filter>src\game\offline</Filter>
    </ClCompile>
    <ClCompile Include="src\game\offiline\nuloO.cpp">
      <Filter>src\game\offline</Filter>
    </ClCompile>
    <ClCompile Include="src\game\offiline\RuletaO.cpp">
      <Filter>src\game\offline</Filter>
    </ClCompile>
    <ClCompile Include="src\game\offiline\StealplayerO.cpp">
      <Filter>src\game\offline</Filter>
    </ClCompile>
  </ItemGroup>
  <ItemGroup>
    <ClInclude Include="src\ui\ButtonG.hpp">
      <Filter>src\ui</Filter>
    </ClInclude>
    <ClInclude Include="src\ui\cell.h">
      <Filter>src\ui</Filter>
    </ClInclude>
    <ClInclude Include="src\ui\Cube.hpp">
      <Filter>src\ui</Filter>
    </ClInclude>
    <ClInclude Include="src\ui\fileio.h">
      <Filter>src\ui</Filter>
    </ClInclude>
    <ClInclude Include="src\ui\MensageBox.hpp">
      <Filter>src\ui</Filter>
    </ClInclude>
    <ClInclude Include="src\ui\Particles.h">
      <Filter>src\ui</Filter>
    </ClInclude>
    <ClInclude Include="src\ui\Scrollbar.hpp">
      <Filter>src\ui</Filter>
    </ClInclude>
    <ClInclude Include="src\ui\TextBox.hpp">
      <Filter>src\ui</Filter>
    </ClInclude>
    <ClInclude Include="src\game\online\Chat.hpp">
      <Filter>src\game\online</Filter>
    </ClInclude>
    <ClInclude Include="src\game\online\CubeClass.h">
      <Filter>src\game\online</Filter>
    </ClInclude>
    <ClInclude Include="src\game\online\GameEnd.hpp">
      <Filter>src\game\online</Filter>
    </ClInclude>
    <ClInclude Include="src\game\online\HouseBuy.hpp">
      <Filter>src\game\online</Filter>
    </ClInclude>
    <ClInclude Include="src\game\online\MovePieces.hpp">
      <Filter>src\game\online</Filter>
    </ClInclude>
    <ClInclude Include="src\game\online\MultiplayerGame.hpp">
      <Filter>src\game\online</Filter>
    </ClInclude>
    <ClInclude Include="src\game\online\nulo.hpp">
      <Filter>src\game\online</Filter>
    </ClInclude>
    <ClInclude Include="src\game\online\PieceSelector.hpp">
      <Filter>src\game\online</Filter>
    </ClInclude>
    <ClInclude Include="src\game\online\ResourceGame.hpp">
      <Filter>src\game\online</Filter>
    </ClInclude>
    <ClInclude Include="src\game\online\Ruleta.hpp">
      <Filter>src\game\online</Filter>
    </ClInclude>
    <ClInclude Include="src\game\online\Stealplayer.hpp">
      <Filter>src\game\online</Filter>
    </ClInclude>
    <ClInclude Include="src\game\online\WindowClass.h">
      <Filter>src\game\online</Filter>
    </ClInclude>
    <ClInclude Include="src\game\offiline\GameOptionsO.hpp">
      <Filter>src\game\offline</Filter>
    </ClInclude>
    <ClInclude Include="src\cinematic\Cinematic.hpp">
      <Filter>src\cinematic</Filter>
    </ClInclude>
    <ClInclude Include="src\core\ObjetosGlobal.hpp">
      <Filter>src\core</Filter>
    </ClInclude>
    <ClInclude Include="src\core\ResourceGlobal.hpp">
      <Filter>src\core</Filter>
    </ClInclude>
    <ClInclude Include="src\menu\GameModeSelector.hpp">
      <Filter>src\menu</Filter>
    </ClInclude>
    <ClInclude Include="src\menu\IniciarPartida.hpp">
      <Filter>src\menu</Filter>
    </ClInclude>
    <ClInclude Include="src\menu\IniciaUser.hpp">
      <Filter>src\menu</Filter>
    </ClInclude>
    <ClInclude Include="src\menu\menuP.hpp">
      <Filter>src\menu</Filter>
    </ClInclude>
    <ClInclude Include="src\settings\SettingsManager.hpp">
      <Filter>src\settings</Filter>
    </ClInclude>
    <ClInclude Include="src\network\Client.hpp">
      <Filter>src\network</Filter>
    </ClInclude>
    <ClInclude Include="src\network\NetworkMessage.hpp">
      <Filter>src\network</Filter>
    </ClInclude>
    <ClInclude Include="libs\nlohmann\json.hpp">
      <Filter>libs\nlohmann</Filter>
    </ClInclude>
    <ClInclude Include="libs\nlohmann\json_fwd.hpp">
      <Filter>libs\nlohmann</Filter>
    </ClInclude>
    <ClInclude Include="src\game\offiline\PieceSelectorO.hpp">
      <Filter>src\game\offline</Filter>
    </ClInclude>
    <ClInclude Include="src\game\offiline\ResourceGameO.hpp">
      <Filter>src\game\offline</Filter>
    </ClInclude>
    <ClInclude Include="src\game\offiline\CubeClassO.h">
      <Filter>src\game\offline</Filter>
    </ClInclude>
    <ClInclude Include="src\game\offiline\GameEndO.hpp">
      <Filter>src\game\offline</Filter>
    </ClInclude>
    <ClInclude Include="src\game\offiline\GameOfflineO.hpp">
      <Filter>src\game\offline</Filter>
    </ClInclude>
    <ClInclude Include="src\game\offiline\HouseBuyO.hpp">
      <Filter>src\game\offline</Filter>
    </ClInclude>
    <ClInclude Include="src\game\offiline\MovePiecesO.hpp">
      <Filter>src\game\offline</Filter>
    </ClInclude>
    <ClInclude Include="src\game\offiline\nuloO.hpp">
      <Filter>src\game\offline</Filter>
    </ClInclude>
    <ClInclude Include="src\game\offiline\RuletaO.hpp">
      <Filter>src\game\offline</Filter>
    </ClInclude>
    <ClInclude Include="src\game\offiline\StealplayerO.hpp">
      <Filter>src\game\offline</Filter>
    </ClInclude>
    <ClInclude Include="src\game\offiline\WindowClassO.h">
      <Filter>src\game\offline</Filter>
    </ClInclude>
  </ItemGroup>
  <ItemGroup>
    <None Include="packages.config" />
    <None Include="src\ui\quad.vtk">
      <Filter>src\ui</Filter>
    </None>
  </ItemGroup>
</Project>